
Microsoft Visual Studio Solution File, Format Version 12.00
# Visual Studio Version 17
VisualStudioVersion = 17.8.34322.80
MinimumVisualStudioVersion = 10.0.40219.1
Project("{FAE04EC0-301F-11D3-BF4B-00C04F79EFBC}") = "reflectDaily.Android", "reflectDaily\reflectDaily.Android\reflectDaily.Android.csproj", "{317A1EA5-4D43-4495-A6F1-A5ECCF074B78}"
EndProject
Project("{FAE04EC0-301F-11D3-BF4B-00C04F79EFBC}") = "reflectDaily.iOS", "reflectDaily\reflectDaily.iOS\reflectDaily.iOS.csproj", "{BCB9F720-19C1-4D3C-8923-48EC4E657072}"
EndProject
Project("{FAE04EC0-301F-11D3-BF4B-00C04F79EFBC}") = "reflectDaily", "reflectDaily\reflectDaily\reflectDaily.csproj", "{123264FE-9890-4E8B-9CFD-DCA08953C0C2}"
EndProject
Global
	GlobalSection(SolutionConfigurationPlatforms) = preSolution
		Debug|Any CPU = Debug|Any CPU
		Debug|iPhone = Debug|iPhone
		Debug|iPhoneSimulator = Debug|iPhoneSimulator
		Release|Any CPU = Release|Any CPU
		Release|iPhone = Release|iPhone
		Release|iPhoneSimulator = Release|iPhoneSimulator
	EndGlobalSection
	GlobalSection(ProjectConfigurationPlatforms) = postSolution
		{317A1EA5-4D43-4495-A6F1-A5ECCF074B78}.Debug|Any CPU.ActiveCfg = Debug|Any CPU
		{317A1EA5-4D43-4495-A6F1-A5ECCF074B78}.Debug|Any CPU.Build.0 = Debug|Any CPU
		{317A1EA5-4D43-4495-A6F1-A5ECCF074B78}.Debug|Any CPU.Deploy.0 = Debug|Any CPU
		{317A1EA5-4D43-4495-A6F1-A5ECCF074B78}.Debug|iPhone.ActiveCfg = Debug|Any CPU
		{317A1EA5-4D43-4495-A6F1-A5ECCF074B78}.Debug|iPhone.Build.0 = Debug|Any CPU
		{317A1EA5-4D43-4495-A6F1-A5ECCF074B78}.Debug|iPhone.Deploy.0 = Debug|Any CPU
		{317A1EA5-4D43-4495-A6F1-A5ECCF074B78}.Debug|iPhoneSimulator.ActiveCfg = Debug|Any CPU
		{317A1EA5-4D43-4495-A6F1-A5ECCF074B78}.Debug|iPhoneSimulator.Build.0 = Debug|Any CPU
		{317A1EA5-4D43-4495-A6F1-A5ECCF074B78}.Debug|iPhoneSimulator.Deploy.0 = Debug|Any CPU
		{317A1EA5-4D43-4495-A6F1-A5ECCF074B78}.Release|Any CPU.ActiveCfg = Release|Any CPU
		{317A1EA5-4D43-4495-A6F1-A5ECCF074B78}.Release|Any CPU.Build.0 = Release|Any CPU
		{317A1EA5-4D43-4495-A6F1-A5ECCF074B78}.Release|Any CPU.Deploy.0 = Release|Any CPU
		{317A1EA5-4D43-4495-A6F1-A5ECCF074B78}.Release|iPhone.ActiveCfg = Release|Any CPU
		{317A1EA5-4D43-4495-A6F1-A5ECCF074B78}.Release|iPhone.Build.0 = Release|Any CPU
		{317A1EA5-4D43-4495-A6F1-A5ECCF074B78}.Release|iPhone.Deploy.0 = Release|Any CPU
		{317A1EA5-4D43-4495-A6F1-A5ECCF074B78}.Release|iPhoneSimulator.ActiveCfg = Release|Any CPU
		{317A1EA5-4D43-4495-A6F1-A5ECCF074B78}.Release|iPhoneSimulator.Build.0 = Release|Any CPU
		{317A1EA5-4D43-4495-A6F1-A5ECCF074B78}.Release|iPhoneSimulator.Deploy.0 = Release|Any CPU
		{BCB9F720-19C1-4D3C-8923-48EC4E657072}.Debug|Any CPU.ActiveCfg = Debug|iPhone
		{BCB9F720-19C1-4D3C-8923-48EC4E657072}.Debug|Any CPU.Build.0 = Debug|iPhone
		{BCB9F720-19C1-4D3C-8923-48EC4E657072}.Debug|Any CPU.Deploy.0 = Debug|iPhone
		{BCB9F720-19C1-4D3C-8923-48EC4E657072}.Debug|iPhone.ActiveCfg = Debug|iPhone
		{BCB9F720-19C1-4D3C-8923-48EC4E657072}.Debug|iPhone.Build.0 = Debug|iPhone
		{BCB9F720-19C1-4D3C-8923-48EC4E657072}.Debug|iPhone.Deploy.0 = Debug|iPhone
		{BCB9F720-19C1-4D3C-8923-48EC4E657072}.Debug|iPhoneSimulator.ActiveCfg = Debug|iPhoneSimulator
		{BCB9F720-19C1-4D3C-8923-48EC4E657072}.Debug|iPhoneSimulator.Build.0 = Debug|iPhoneSimulator
		{BCB9F720-19C1-4D3C-8923-48EC4E657072}.Debug|iPhoneSimulator.Deploy.0 = Debug|iPhoneSimulator
		{BCB9F720-19C1-4D3C-8923-48EC4E657072}.Release|Any CPU.ActiveCfg = Release|iPhoneSimulator
		{BCB9F720-19C1-4D3C-8923-48EC4E657072}.Release|Any CPU.Build.0 = Release|iPhoneSimulator
		{BCB9F720-19C1-4D3C-8923-48EC4E657072}.Release|Any CPU.Deploy.0 = Release|iPhoneSimulator
		{BCB9F720-19C1-4D3C-8923-48EC4E657072}.Release|iPhone.ActiveCfg = Release|iPhone
		{BCB9F720-19C1-4D3C-8923-48EC4E657072}.Release|iPhone.Build.0 = Release|iPhone
		{BCB9F720-19C1-4D3C-8923-48EC4E657072}.Release|iPhone.Deploy.0 = Release|iPhone
		{BCB9F720-19C1-4D3C-8923-48EC4E657072}.Release|iPhoneSimulator.ActiveCfg = Release|iPhoneSimulator
		{BCB9F720-19C1-4D3C-8923-48EC4E657072}.Release|iPhoneSimulator.Build.0 = Release|iPhoneSimulator
		{BCB9F720-19C1-4D3C-8923-48EC4E657072}.Release|iPhoneSimulator.Deploy.0 = Release|iPhoneSimulator
		{123264FE-9890-4E8B-9CFD-DCA08953C0C2}.Debug|Any CPU.ActiveCfg = Debug|Any CPU
		{123264FE-9890-4E8B-9CFD-DCA08953C0C2}.Debug|Any CPU.Build.0 = Debug|Any CPU
		{123264FE-9890-4E8B-9CFD-DCA08953C0C2}.Debug|Any CPU.Deploy.0 = Debug|Any CPU
		{123264FE-9890-4E8B-9CFD-DCA08953C0C2}.Debug|iPhone.ActiveCfg = Debug|Any CPU
		{123264FE-9890-4E8B-9CFD-DCA08953C0C2}.Debug|iPhone.Build.0 = Debug|Any CPU
		{123264FE-9890-4E8B-9CFD-DCA08953C0C2}.Debug|iPhone.Deploy.0 = Debug|Any CPU
		{123264FE-9890-4E8B-9CFD-DCA08953C0C2}.Debug|iPhoneSimulator.ActiveCfg = Debug|Any CPU
		{123264FE-9890-4E8B-9CFD-DCA08953C0C2}.Debug|iPhoneSimulator.Build.0 = Debug|Any CPU
		{123264FE-9890-4E8B-9CFD-DCA08953C0C2}.Debug|iPhoneSimulator.Deploy.0 = Debug|Any CPU
		{123264FE-9890-4E8B-9CFD-DCA08953C0C2}.Release|Any CPU.ActiveCfg = Release|Any CPU
		{123264FE-9890-4E8B-9CFD-DCA08953C0C2}.Release|Any CPU.Build.0 = Release|Any CPU
		{123264FE-9890-4E8B-9CFD-DCA08953C0C2}.Release|Any CPU.Deploy.0 = Release|Any CPU
		{123264FE-9890-4E8B-9CFD-DCA08953C0C2}.Release|iPhone.ActiveCfg = Release|Any CPU
		{123264FE-9890-4E8B-9CFD-DCA08953C0C2}.Release|iPhone.Build.0 = Release|Any CPU
		{123264FE-9890-4E8B-9CFD-DCA08953C0C2}.Release|iPhone.Deploy.0 = Release|Any CPU
		{123264FE-9890-4E8B-9CFD-DCA08953C0C2}.Release|iPhoneSimulator.ActiveCfg = Release|Any CPU
		{123264FE-9890-4E8B-9CFD-DCA08953C0C2}.Release|iPhoneSimulator.Build.0 = Release|Any CPU
		{123264FE-9890-4E8B-9CFD-DCA08953C0C2}.Release|iPhoneSimulator.Deploy.0 = Release|Any CPU
	EndGlobalSection
	GlobalSection(SolutionProperties) = preSolution
		HideSolutionNode = FALSE
	EndGlobalSection
	GlobalSection(ExtensibilityGlobals) = postSolution
		SolutionGuid = {17FC9EA0-1149-4E4F-A5ED-97DAE31657BC}
	EndGlobalSection
EndGlobal
